
Microsoft Visual Studio Solution File, Format Version 11.00
# Visual Studio 2010
Project("{FAE04EC0-301F-11D3-BF4B-00C04F79EFBC}") = "UnitTests", "UnitTests\UnitTests.csproj", "{6C03E958-1A77-412C-884B-E40FC1E26CF3}"
EndProject
Project("{2150E333-8FDC-42A3-9474-1A3956D46DE8}") = "Solution Items", "Solution Items", "{E7CC79CE-C458-4BE9-BC3B-84AF612FE89A}"
	ProjectSection(SolutionItems) = preProject
		ConnectedComponentLabeling.vsmdi = ConnectedComponentLabeling.vsmdi
		Local.testsettings = Local.testsettings
		TraceAndTestImpact.testsettings = TraceAndTestImpact.testsettings
	EndProjectSection
EndProject
Project("{2150E333-8FDC-42A3-9474-1A3956D46DE8}") = "Algorithm", "Algorithm", "{852F4BF1-7EF9-4193-BE8C-4DE932DED510}"
EndProject
Project("{FAE04EC0-301F-11D3-BF4B-00C04F79EFBC}") = "ConnectedComponentLabeling.Contracts", "ConnectedComponentLabeling.Contracts\ConnectedComponentLabeling.Contracts.csproj", "{37DC959B-61C7-4D65-A944-1320D7F55129}"
EndProject
Project("{FAE04EC0-301F-11D3-BF4B-00C04F79EFBC}") = "ConnectedComponentLabeling.Implementation", "ConnectedComponentLabeling.Implementation\ConnectedComponentLabeling.Implementation.csproj", "{E5FDD24B-00E3-4392-9080-725CDCDAB047}"
EndProject
Project("{FAE04EC0-301F-11D3-BF4B-00C04F79EFBC}") = "Entities", "Entities\Entities.csproj", "{7D182A8D-DDD2-41F8-95A3-FFEB97A90B61}"
EndProject
Global
	GlobalSection(TestCaseManagementSettings) = postSolution
		CategoryFile = ConnectedComponentLabeling.vsmdi
	EndGlobalSection
	GlobalSection(SolutionConfigurationPlatforms) = preSolution
		Debug|Any CPU = Debug|Any CPU
		Release|Any CPU = Release|Any CPU
	EndGlobalSection
	GlobalSection(ProjectConfigurationPlatforms) = postSolution
		{6C03E958-1A77-412C-884B-E40FC1E26CF3}.Debug|Any CPU.ActiveCfg = Debug|Any CPU
		{6C03E958-1A77-412C-884B-E40FC1E26CF3}.Debug|Any CPU.Build.0 = Debug|Any CPU
		{6C03E958-1A77-412C-884B-E40FC1E26CF3}.Release|Any CPU.ActiveCfg = Release|Any CPU
		{6C03E958-1A77-412C-884B-E40FC1E26CF3}.Release|Any CPU.Build.0 = Release|Any CPU
		{37DC959B-61C7-4D65-A944-1320D7F55129}.Debug|Any CPU.ActiveCfg = Debug|Any CPU
		{37DC959B-61C7-4D65-A944-1320D7F55129}.Debug|Any CPU.Build.0 = Debug|Any CPU
		{37DC959B-61C7-4D65-A944-1320D7F55129}.Release|Any CPU.ActiveCfg = Release|Any CPU
		{37DC959B-61C7-4D65-A944-1320D7F55129}.Release|Any CPU.Build.0 = Release|Any CPU
		{E5FDD24B-00E3-4392-9080-725CDCDAB047}.Debug|Any CPU.ActiveCfg = Debug|Any CPU
		{E5FDD24B-00E3-4392-9080-725CDCDAB047}.Debug|Any CPU.Build.0 = Debug|Any CPU
		{E5FDD24B-00E3-4392-9080-725CDCDAB047}.Release|Any CPU.ActiveCfg = Release|Any CPU
		{E5FDD24B-00E3-4392-9080-725CDCDAB047}.Release|Any CPU.Build.0 = Release|Any CPU
		{7D182A8D-DDD2-41F8-95A3-FFEB97A90B61}.Debug|Any CPU.ActiveCfg = Debug|Any CPU
		{7D182A8D-DDD2-41F8-95A3-FFEB97A90B61}.Debug|Any CPU.Build.0 = Debug|Any CPU
		{7D182A8D-DDD2-41F8-95A3-FFEB97A90B61}.Release|Any CPU.ActiveCfg = Release|Any CPU
		{7D182A8D-DDD2-41F8-95A3-FFEB97A90B61}.Release|Any CPU.Build.0 = Release|Any CPU
	EndGlobalSection
	GlobalSection(SolutionProperties) = preSolution
		HideSolutionNode = FALSE
	EndGlobalSection
	GlobalSection(NestedProjects) = preSolution
		{37DC959B-61C7-4D65-A944-1320D7F55129} = {852F4BF1-7EF9-4193-BE8C-4DE932DED510}
		{E5FDD24B-00E3-4392-9080-725CDCDAB047} = {852F4BF1-7EF9-4193-BE8C-4DE932DED510}
		{7D182A8D-DDD2-41F8-95A3-FFEB97A90B61} = {852F4BF1-7EF9-4193-BE8C-4DE932DED510}
	EndGlobalSection
EndGlobal
